
Microsoft Visual Studio Solution File, Format Version 12.00
# Visual Studio Version 16
VisualStudioVersion = 16.0.32228.343
MinimumVisualStudioVersion = 10.0.40219.1
Project("{FAE04EC0-301F-11D3-BF4B-00C04F79EFBC}") = "CCPLClinicAPI", "CCPLClinicAPI\CCPLClinicAPI.csproj", "{5B61EBF2-DABE-4B18-9B44-00EA9FF837A4}"
EndProject
Global
	GlobalSection(SolutionConfigurationPlatforms) = preSolution
		Debug|Any CPU = Debug|Any CPU
		Release|Any CPU = Release|Any CPU
	EndGlobalSection
	GlobalSection(ProjectConfigurationPlatforms) = postSolution
		{5B61EBF2-DABE-4B18-9B44-00EA9FF837A4}.Debug|Any CPU.ActiveCfg = Debug|Any CPU
		{5B61EBF2-DABE-4B18-9B44-00EA9FF837A4}.Debug|Any CPU.Build.0 = Debug|Any CPU
		{5B61EBF2-DABE-4B18-9B44-00EA9FF837A4}.Release|Any CPU.ActiveCfg = Release|Any CPU
		{5B61EBF2-DABE-4B18-9B44-00EA9FF837A4}.Release|Any CPU.Build.0 = Release|Any CPU
	EndGlobalSection
	GlobalSection(SolutionProperties) = preSolution
		HideSolutionNode = FALSE
	EndGlobalSection
	GlobalSection(ExtensibilityGlobals) = postSolution
		SolutionGuid = {26CB1D37-72BD-419A-9209-FE3C5FF143F8}
	EndGlobalSection
EndGlobal
